
Microsoft Visual Studio Solution File, Format Version 12.00
# Visual Studio Version 16
VisualStudioVersion = 16.0.29613.14
MinimumVisualStudioVersion = 10.0.40219.1
Project("{9A19103F-16F7-4668-BE54-9A1E7A4F7556}") = "Caya.Framework.Caching", "Caya.Framework.Caching\Caya.Framework.Caching.csproj", "{71B4B659-739D-4B9F-BEA5-BEE3CAA23B87}"
EndProject
Project("{9A19103F-16F7-4668-BE54-9A1E7A4F7556}") = "Caya.Framework.Configuration", "Caya.Framework.Configuration\Caya.Framework.Configuration.csproj", "{39034178-7876-4F23-8D91-4C911FE98EB7}"
EndProject
Project("{9A19103F-16F7-4668-BE54-9A1E7A4F7556}") = "Caya.Framework.Core", "Caya.Framework.Core\Caya.Framework.Core.csproj", "{4D948866-68AE-4A91-BBB3-941E6F964BB3}"
EndProject
Project("{9A19103F-16F7-4668-BE54-9A1E7A4F7556}") = "Caya.Framework.Dapper", "Caya.Framework.Dapper\Caya.Framework.Dapper.csproj", "{48609EC7-7074-4A19-8D0D-8D64725CAD00}"
EndProject
Project("{9A19103F-16F7-4668-BE54-9A1E7A4F7556}") = "Caya.Framework.EntityFramework", "Caya.Framework.EntityFramework\Caya.Framework.EntityFramework.csproj", "{A15C18EE-9EAB-4057-800C-B6AD00B96BC8}"
EndProject
Project("{9A19103F-16F7-4668-BE54-9A1E7A4F7556}") = "Caya.Framework.Logging", "Caya.Framework.Logging\Caya.Framework.Logging.csproj", "{970E2257-CB66-49F0-B772-63113780131E}"
EndProject
Project("{9A19103F-16F7-4668-BE54-9A1E7A4F7556}") = "Caya.Framework.Mvc", "Caya.Framework.Mvc\Caya.Framework.Mvc.csproj", "{76783EC1-AA01-4A3B-929C-834142ACDED7}"
EndProject
Project("{9A19103F-16F7-4668-BE54-9A1E7A4F7556}") = "Caya.Framework.EventBus", "Caya.Framework.EventBus\Caya.Framework.EventBus.csproj", "{8DFA3DA5-F740-43A5-A1D7-B9E565BD24E8}"
EndProject
Project("{9A19103F-16F7-4668-BE54-9A1E7A4F7556}") = "Caya.Framework.Mapper", "Caya.Framework.Mapper\Caya.Framework.Mapper.csproj", "{39AACBBF-36F5-4DAD-926E-1C9B7A00A63B}"
EndProject
Project("{9A19103F-16F7-4668-BE54-9A1E7A4F7556}") = "Caya.Framework.Hangfire", "Caya.Framework.Hangfire\Caya.Framework.Hangfire.csproj", "{2012D4FD-61B8-4023-B0F3-6E72F38B5B31}"
EndProject
Project("{9A19103F-16F7-4668-BE54-9A1E7A4F7556}") = "Caya.Framework.Util", "Caya.Framework.Util\Caya.Framework.Util.csproj", "{57C6088C-1FF6-4E3B-A7FE-37A5D08733AE}"
EndProject
Project("{9A19103F-16F7-4668-BE54-9A1E7A4F7556}") = "Caya.Framework.ElasticSearch", "Caya.Framework.ElasticSearch\Caya.Framework.ElasticSearch.csproj", "{30A256D6-0043-4E79-8062-0983BE61343E}"
EndProject
Project("{2150E333-8FDC-42A3-9474-1A3956D46DE8}") = "samples", "samples", "{A8F4BE34-5D19-4274-8764-9C24E60AD667}"
EndProject
Project("{9A19103F-16F7-4668-BE54-9A1E7A4F7556}") = "WebApp.BusinessData", "samples\WebApp.BussinessData\WebApp.BusinessData.csproj", "{8EEAB205-F729-4B43-95E1-6C35654ACB18}"
EndProject
Project("{9A19103F-16F7-4668-BE54-9A1E7A4F7556}") = "WebApp.Common", "samples\WebApp.Common\WebApp.Common.csproj", "{66A72236-E078-42D0-8024-18E79CAA5F18}"
EndProject
Project("{9A19103F-16F7-4668-BE54-9A1E7A4F7556}") = "WebApp.Entity", "samples\WebApp.Entity\WebApp.Entity.csproj", "{50BF9B1C-9FE2-4420-9B55-DB6C17C85948}"
EndProject
Project("{9A19103F-16F7-4668-BE54-9A1E7A4F7556}") = "WebApp.Host", "samples\WebApp.Host\WebApp.Host.csproj", "{F1E6334A-34A2-4140-8327-DBDD314D1A02}"
EndProject
Project("{9A19103F-16F7-4668-BE54-9A1E7A4F7556}") = "WebApp.Service", "samples\WebApp.Service\WebApp.Service.csproj", "{C8567CC3-0685-4CD8-9FBD-0DE240671684}"
EndProject
Project("{9A19103F-16F7-4668-BE54-9A1E7A4F7556}") = "WebApp.ServiceInterface", "samples\WebApp.ServiceInterface\WebApp.ServiceInterface.csproj", "{2D769C70-573A-47C0-976F-9DF6B90721F3}"
EndProject
Project("{9A19103F-16F7-4668-BE54-9A1E7A4F7556}") = "WebApp.DataAccess", "samples\WebApp.DataAccess\WebApp.DataAccess.csproj", "{39576ECA-000A-45E3-BCE9-BD2ACECEA7E0}"
EndProject
Project("{9A19103F-16F7-4668-BE54-9A1E7A4F7556}") = "WebApp.DataAccessInterface", "samples\WebApp.DataAccessInterface\WebApp.DataAccessInterface.csproj", "{9863D3A0-E10E-497B-A078-879FBA30ADD8}"
EndProject
Global
	GlobalSection(SolutionConfigurationPlatforms) = preSolution
		Debug|Any CPU = Debug|Any CPU
		Release|Any CPU = Release|Any CPU
	EndGlobalSection
	GlobalSection(ProjectConfigurationPlatforms) = postSolution
		{71B4B659-739D-4B9F-BEA5-BEE3CAA23B87}.Debug|Any CPU.ActiveCfg = Debug|Any CPU
		{71B4B659-739D-4B9F-BEA5-BEE3CAA23B87}.Debug|Any CPU.Build.0 = Debug|Any CPU
		{71B4B659-739D-4B9F-BEA5-BEE3CAA23B87}.Release|Any CPU.ActiveCfg = Release|Any CPU
		{71B4B659-739D-4B9F-BEA5-BEE3CAA23B87}.Release|Any CPU.Build.0 = Release|Any CPU
		{39034178-7876-4F23-8D91-4C911FE98EB7}.Debug|Any CPU.ActiveCfg = Debug|Any CPU
		{39034178-7876-4F23-8D91-4C911FE98EB7}.Debug|Any CPU.Build.0 = Debug|Any CPU
		{39034178-7876-4F23-8D91-4C911FE98EB7}.Release|Any CPU.ActiveCfg = Release|Any CPU
		{39034178-7876-4F23-8D91-4C911FE98EB7}.Release|Any CPU.Build.0 = Release|Any CPU
		{4D948866-68AE-4A91-BBB3-941E6F964BB3}.Debug|Any CPU.ActiveCfg = Debug|Any CPU
		{4D948866-68AE-4A91-BBB3-941E6F964BB3}.Debug|Any CPU.Build.0 = Debug|Any CPU
		{4D948866-68AE-4A91-BBB3-941E6F964BB3}.Release|Any CPU.ActiveCfg = Release|Any CPU
		{4D948866-68AE-4A91-BBB3-941E6F964BB3}.Release|Any CPU.Build.0 = Release|Any CPU
		{48609EC7-7074-4A19-8D0D-8D64725CAD00}.Debug|Any CPU.ActiveCfg = Debug|Any CPU
		{48609EC7-7074-4A19-8D0D-8D64725CAD00}.Debug|Any CPU.Build.0 = Debug|Any CPU
		{48609EC7-7074-4A19-8D0D-8D64725CAD00}.Release|Any CPU.ActiveCfg = Release|Any CPU
		{48609EC7-7074-4A19-8D0D-8D64725CAD00}.Release|Any CPU.Build.0 = Release|Any CPU
		{A15C18EE-9EAB-4057-800C-B6AD00B96BC8}.Debug|Any CPU.ActiveCfg = Debug|Any CPU
		{A15C18EE-9EAB-4057-800C-B6AD00B96BC8}.Debug|Any CPU.Build.0 = Debug|Any CPU
		{A15C18EE-9EAB-4057-800C-B6AD00B96BC8}.Release|Any CPU.ActiveCfg = Release|Any CPU
		{A15C18EE-9EAB-4057-800C-B6AD00B96BC8}.Release|Any CPU.Build.0 = Release|Any CPU
		{970E2257-CB66-49F0-B772-63113780131E}.Debug|Any CPU.ActiveCfg = Debug|Any CPU
		{970E2257-CB66-49F0-B772-63113780131E}.Debug|Any CPU.Build.0 = Debug|Any CPU
		{970E2257-CB66-49F0-B772-63113780131E}.Release|Any CPU.ActiveCfg = Release|Any CPU
		{970E2257-CB66-49F0-B772-63113780131E}.Release|Any CPU.Build.0 = Release|Any CPU
		{76783EC1-AA01-4A3B-929C-834142ACDED7}.Debug|Any CPU.ActiveCfg = Debug|Any CPU
		{76783EC1-AA01-4A3B-929C-834142ACDED7}.Debug|Any CPU.Build.0 = Debug|Any CPU
		{76783EC1-AA01-4A3B-929C-834142ACDED7}.Release|Any CPU.ActiveCfg = Release|Any CPU
		{76783EC1-AA01-4A3B-929C-834142ACDED7}.Release|Any CPU.Build.0 = Release|Any CPU
		{8DFA3DA5-F740-43A5-A1D7-B9E565BD24E8}.Debug|Any CPU.ActiveCfg = Debug|Any CPU
		{8DFA3DA5-F740-43A5-A1D7-B9E565BD24E8}.Debug|Any CPU.Build.0 = Debug|Any CPU
		{8DFA3DA5-F740-43A5-A1D7-B9E565BD24E8}.Release|Any CPU.ActiveCfg = Release|Any CPU
		{8DFA3DA5-F740-43A5-A1D7-B9E565BD24E8}.Release|Any CPU.Build.0 = Release|Any CPU
		{39AACBBF-36F5-4DAD-926E-1C9B7A00A63B}.Debug|Any CPU.ActiveCfg = Debug|Any CPU
		{39AACBBF-36F5-4DAD-926E-1C9B7A00A63B}.Debug|Any CPU.Build.0 = Debug|Any CPU
		{39AACBBF-36F5-4DAD-926E-1C9B7A00A63B}.Release|Any CPU.ActiveCfg = Release|Any CPU
		{39AACBBF-36F5-4DAD-926E-1C9B7A00A63B}.Release|Any CPU.Build.0 = Release|Any CPU
		{2012D4FD-61B8-4023-B0F3-6E72F38B5B31}.Debug|Any CPU.ActiveCfg = Debug|Any CPU
		{2012D4FD-61B8-4023-B0F3-6E72F38B5B31}.Debug|Any CPU.Build.0 = Debug|Any CPU
		{2012D4FD-61B8-4023-B0F3-6E72F38B5B31}.Release|Any CPU.ActiveCfg = Release|Any CPU
		{2012D4FD-61B8-4023-B0F3-6E72F38B5B31}.Release|Any CPU.Build.0 = Release|Any CPU
		{57C6088C-1FF6-4E3B-A7FE-37A5D08733AE}.Debug|Any CPU.ActiveCfg = Debug|Any CPU
		{57C6088C-1FF6-4E3B-A7FE-37A5D08733AE}.Debug|Any CPU.Build.0 = Debug|Any CPU
		{57C6088C-1FF6-4E3B-A7FE-37A5D08733AE}.Release|Any CPU.ActiveCfg = Release|Any CPU
		{57C6088C-1FF6-4E3B-A7FE-37A5D08733AE}.Release|Any CPU.Build.0 = Release|Any CPU
		{30A256D6-0043-4E79-8062-0983BE61343E}.Debug|Any CPU.ActiveCfg = Debug|Any CPU
		{30A256D6-0043-4E79-8062-0983BE61343E}.Debug|Any CPU.Build.0 = Debug|Any CPU
		{30A256D6-0043-4E79-8062-0983BE61343E}.Release|Any CPU.ActiveCfg = Release|Any CPU
		{30A256D6-0043-4E79-8062-0983BE61343E}.Release|Any CPU.Build.0 = Release|Any CPU
		{8EEAB205-F729-4B43-95E1-6C35654ACB18}.Debug|Any CPU.ActiveCfg = Debug|Any CPU
		{8EEAB205-F729-4B43-95E1-6C35654ACB18}.Debug|Any CPU.Build.0 = Debug|Any CPU
		{8EEAB205-F729-4B43-95E1-6C35654ACB18}.Release|Any CPU.ActiveCfg = Release|Any CPU
		{8EEAB205-F729-4B43-95E1-6C35654ACB18}.Release|Any CPU.Build.0 = Release|Any CPU
		{66A72236-E078-42D0-8024-18E79CAA5F18}.Debug|Any CPU.ActiveCfg = Debug|Any CPU
		{66A72236-E078-42D0-8024-18E79CAA5F18}.Debug|Any CPU.Build.0 = Debug|Any CPU
		{66A72236-E078-42D0-8024-18E79CAA5F18}.Release|Any CPU.ActiveCfg = Release|Any CPU
		{66A72236-E078-42D0-8024-18E79CAA5F18}.Release|Any CPU.Build.0 = Release|Any CPU
		{50BF9B1C-9FE2-4420-9B55-DB6C17C85948}.Debug|Any CPU.ActiveCfg = Debug|Any CPU
		{50BF9B1C-9FE2-4420-9B55-DB6C17C85948}.Debug|Any CPU.Build.0 = Debug|Any CPU
		{50BF9B1C-9FE2-4420-9B55-DB6C17C85948}.Release|Any CPU.ActiveCfg = Release|Any CPU
		{50BF9B1C-9FE2-4420-9B55-DB6C17C85948}.Release|Any CPU.Build.0 = Release|Any CPU
		{F1E6334A-34A2-4140-8327-DBDD314D1A02}.Debug|Any CPU.ActiveCfg = Debug|Any CPU
		{F1E6334A-34A2-4140-8327-DBDD314D1A02}.Debug|Any CPU.Build.0 = Debug|Any CPU
		{F1E6334A-34A2-4140-8327-DBDD314D1A02}.Release|Any CPU.ActiveCfg = Release|Any CPU
		{F1E6334A-34A2-4140-8327-DBDD314D1A02}.Release|Any CPU.Build.0 = Release|Any CPU
		{C8567CC3-0685-4CD8-9FBD-0DE240671684}.Debug|Any CPU.ActiveCfg = Debug|Any CPU
		{C8567CC3-0685-4CD8-9FBD-0DE240671684}.Debug|Any CPU.Build.0 = Debug|Any CPU
		{C8567CC3-0685-4CD8-9FBD-0DE240671684}.Release|Any CPU.ActiveCfg = Release|Any CPU
		{C8567CC3-0685-4CD8-9FBD-0DE240671684}.Release|Any CPU.Build.0 = Release|Any CPU
		{2D769C70-573A-47C0-976F-9DF6B90721F3}.Debug|Any CPU.ActiveCfg = Debug|Any CPU
		{2D769C70-573A-47C0-976F-9DF6B90721F3}.Debug|Any CPU.Build.0 = Debug|Any CPU
		{2D769C70-573A-47C0-976F-9DF6B90721F3}.Release|Any CPU.ActiveCfg = Release|Any CPU
		{2D769C70-573A-47C0-976F-9DF6B90721F3}.Release|Any CPU.Build.0 = Release|Any CPU
		{39576ECA-000A-45E3-BCE9-BD2ACECEA7E0}.Debug|Any CPU.ActiveCfg = Debug|Any CPU
		{39576ECA-000A-45E3-BCE9-BD2ACECEA7E0}.Debug|Any CPU.Build.0 = Debug|Any CPU
		{39576ECA-000A-45E3-BCE9-BD2ACECEA7E0}.Release|Any CPU.ActiveCfg = Release|Any CPU
		{39576ECA-000A-45E3-BCE9-BD2ACECEA7E0}.Release|Any CPU.Build.0 = Release|Any CPU
		{9863D3A0-E10E-497B-A078-879FBA30ADD8}.Debug|Any CPU.ActiveCfg = Debug|Any CPU
		{9863D3A0-E10E-497B-A078-879FBA30ADD8}.Debug|Any CPU.Build.0 = Debug|Any CPU
		{9863D3A0-E10E-497B-A078-879FBA30ADD8}.Release|Any CPU.ActiveCfg = Release|Any CPU
		{9863D3A0-E10E-497B-A078-879FBA30ADD8}.Release|Any CPU.Build.0 = Release|Any CPU
	EndGlobalSection
	GlobalSection(SolutionProperties) = preSolution
		HideSolutionNode = FALSE
	EndGlobalSection
	GlobalSection(NestedProjects) = preSolution
		{8EEAB205-F729-4B43-95E1-6C35654ACB18} = {A8F4BE34-5D19-4274-8764-9C24E60AD667}
		{66A72236-E078-42D0-8024-18E79CAA5F18} = {A8F4BE34-5D19-4274-8764-9C24E60AD667}
		{50BF9B1C-9FE2-4420-9B55-DB6C17C85948} = {A8F4BE34-5D19-4274-8764-9C24E60AD667}
		{F1E6334A-34A2-4140-8327-DBDD314D1A02} = {A8F4BE34-5D19-4274-8764-9C24E60AD667}
		{C8567CC3-0685-4CD8-9FBD-0DE240671684} = {A8F4BE34-5D19-4274-8764-9C24E60AD667}
		{2D769C70-573A-47C0-976F-9DF6B90721F3} = {A8F4BE34-5D19-4274-8764-9C24E60AD667}
		{39576ECA-000A-45E3-BCE9-BD2ACECEA7E0} = {A8F4BE34-5D19-4274-8764-9C24E60AD667}
		{9863D3A0-E10E-497B-A078-879FBA30ADD8} = {A8F4BE34-5D19-4274-8764-9C24E60AD667}
	EndGlobalSection
	GlobalSection(ExtensibilityGlobals) = postSolution
		SolutionGuid = {BC6D74B2-DE32-40A8-A091-17FB37D454A3}
	EndGlobalSection
EndGlobal
